
Microsoft Visual Studio Solution File, Format Version 12.00
# Visual Studio Version 17
VisualStudioVersion = 17.9.34622.214
MinimumVisualStudioVersion = 10.0.40219.1
Project("{FAE04EC0-301F-11D3-BF4B-00C04F79EFBC}") = "ConcertApp.Web", "EShop.Web\ConcertApp.Web.csproj", "{BE69FBE5-2E65-48B9-8DB4-71A9FD1F39D4}"
EndProject
Project("{FAE04EC0-301F-11D3-BF4B-00C04F79EFBC}") = "ConcertApp.Repository", "ConcertApp.Repository\ConcertApp.Repository.csproj", "{0EE585E0-D7F5-4070-ADC9-A2B3920C5AAB}"
EndProject
Project("{FAE04EC0-301F-11D3-BF4B-00C04F79EFBC}") = "ConcertApp.Service", "ConcertApp.Service\ConcertApp.Service.csproj", "{F44726D9-C4CF-4AA6-9772-1E2C15F63DFF}"
EndProject
Project("{FAE04EC0-301F-11D3-BF4B-00C04F79EFBC}") = "ConcertApp.Domain", "ConcertApp.Domain\ConcertApp.Domain.csproj", "{69208235-1DE3-4B8F-BBBF-5AFEF2B99E32}"
EndProject
Global
	GlobalSection(SolutionConfigurationPlatforms) = preSolution
		Debug|Any CPU = Debug|Any CPU
		Release|Any CPU = Release|Any CPU
	EndGlobalSection
	GlobalSection(ProjectConfigurationPlatforms) = postSolution
		{BE69FBE5-2E65-48B9-8DB4-71A9FD1F39D4}.Debug|Any CPU.ActiveCfg = Debug|Any CPU
		{BE69FBE5-2E65-48B9-8DB4-71A9FD1F39D4}.Debug|Any CPU.Build.0 = Debug|Any CPU
		{BE69FBE5-2E65-48B9-8DB4-71A9FD1F39D4}.Release|Any CPU.ActiveCfg = Release|Any CPU
		{BE69FBE5-2E65-48B9-8DB4-71A9FD1F39D4}.Release|Any CPU.Build.0 = Release|Any CPU
		{0EE585E0-D7F5-4070-ADC9-A2B3920C5AAB}.Debug|Any CPU.ActiveCfg = Debug|Any CPU
		{0EE585E0-D7F5-4070-ADC9-A2B3920C5AAB}.Debug|Any CPU.Build.0 = Debug|Any CPU
		{0EE585E0-D7F5-4070-ADC9-A2B3920C5AAB}.Release|Any CPU.ActiveCfg = Release|Any CPU
		{0EE585E0-D7F5-4070-ADC9-A2B3920C5AAB}.Release|Any CPU.Build.0 = Release|Any CPU
		{F44726D9-C4CF-4AA6-9772-1E2C15F63DFF}.Debug|Any CPU.ActiveCfg = Debug|Any CPU
		{F44726D9-C4CF-4AA6-9772-1E2C15F63DFF}.Debug|Any CPU.Build.0 = Debug|Any CPU
		{F44726D9-C4CF-4AA6-9772-1E2C15F63DFF}.Release|Any CPU.ActiveCfg = Release|Any CPU
		{F44726D9-C4CF-4AA6-9772-1E2C15F63DFF}.Release|Any CPU.Build.0 = Release|Any CPU
		{69208235-1DE3-4B8F-BBBF-5AFEF2B99E32}.Debug|Any CPU.ActiveCfg = Debug|Any CPU
		{69208235-1DE3-4B8F-BBBF-5AFEF2B99E32}.Debug|Any CPU.Build.0 = Debug|Any CPU
		{69208235-1DE3-4B8F-BBBF-5AFEF2B99E32}.Release|Any CPU.ActiveCfg = Release|Any CPU
		{69208235-1DE3-4B8F-BBBF-5AFEF2B99E32}.Release|Any CPU.Build.0 = Release|Any CPU
	EndGlobalSection
	GlobalSection(SolutionProperties) = preSolution
		HideSolutionNode = FALSE
	EndGlobalSection
	GlobalSection(ExtensibilityGlobals) = postSolution
		SolutionGuid = {ED6903CC-BB93-46A9-BF06-4BCF7FC0D0C2}
	EndGlobalSection
EndGlobal
